
Microsoft Visual Studio Solution File, Format Version 12.00
# Visual Studio Version 17
VisualStudioVersion = 17.9.34714.143
MinimumVisualStudioVersion = 10.0.40219.1
Project("{FAE04EC0-301F-11D3-BF4B-00C04F79EFBC}") = "AppMusic", "AppMusic\AppMusic.csproj", "{B94EFE9F-BF60-4567-9AC3-7B01F94AAF85}"
EndProject
Global
	GlobalSection(SolutionConfigurationPlatforms) = preSolution
		Debug|Any CPU = Debug|Any CPU
		Release|Any CPU = Release|Any CPU
	EndGlobalSection
	GlobalSection(ProjectConfigurationPlatforms) = postSolution
		{B94EFE9F-BF60-4567-9AC3-7B01F94AAF85}.Debug|Any CPU.ActiveCfg = Debug|Any CPU
		{B94EFE9F-BF60-4567-9AC3-7B01F94AAF85}.Debug|Any CPU.Build.0 = Debug|Any CPU
		{B94EFE9F-BF60-4567-9AC3-7B01F94AAF85}.Release|Any CPU.ActiveCfg = Release|Any CPU
		{B94EFE9F-BF60-4567-9AC3-7B01F94AAF85}.Release|Any CPU.Build.0 = Release|Any CPU
	EndGlobalSection
	GlobalSection(SolutionProperties) = preSolution
		HideSolutionNode = FALSE
	EndGlobalSection
	GlobalSection(ExtensibilityGlobals) = postSolution
		SolutionGuid = {C2A9AD87-31F1-46EE-BB51-C3346EE2B8A9}
	EndGlobalSection
EndGlobal
